<?xml version="1.0" encoding="UTF-8"?>
<CodeBlocks_project_file>
	<FileVersion major="1" minor="6"/>
	<Project>
		<Option title="pam_telegram_authenticator"/>
		<Option makefile_is_custom="1"/>
		<Option compiler="gcc"/>
		<Option virtualFolders="CMake Files\;"/>
		<Build>
			<Target title="all">
				<Option working_dir="/home/pschroeder/repos/pam_telegram_authenticator"/>
				<Option type="4"/>
				<MakeCommands>
					<Build command="/usr/bin/make -f &quot;/home/pschroeder/repos/pam_telegram_authenticator/Makefile&quot;  VERBOSE=1 all"/>
					<CompileFile command="/usr/bin/make -f &quot;/home/pschroeder/repos/pam_telegram_authenticator/Makefile&quot;  VERBOSE=1 &quot;$file&quot;"/>
					<Clean command="/usr/bin/make -f &quot;/home/pschroeder/repos/pam_telegram_authenticator/Makefile&quot;  VERBOSE=1 clean"/>
					<DistClean command="/usr/bin/make -f &quot;/home/pschroeder/repos/pam_telegram_authenticator/Makefile&quot;  VERBOSE=1 clean"/>
				</MakeCommands>
			</Target>
			<Target title="test">
				<Option output="/home/pschroeder/repos/pam_telegram_authenticator/bin/test" prefix_auto="0" extension_auto="0"/>
				<Option working_dir="/home/pschroeder/repos/pam_telegram_authenticator/bin"/>
				<Option object_output="./"/>
				<Option type="1"/>
				<Option compiler="gcc"/>
				<Compiler>
					<Add option="-D__RANDOM_SEED__=4616904914508076878"/>
					<Add directory="/home/pschroeder/.conan/data/libuuid/1.0.3/_/_/package/6af9cc7cb931c5ad942174fd7838eb655717c709/include"/>
					<Add directory="/home/pschroeder/.conan/data/libuuid/1.0.3/_/_/package/6af9cc7cb931c5ad942174fd7838eb655717c709/include/uuid"/>
					<Add directory="/home/pschroeder/.conan/data/nlohmann_json/3.10.5/_/_/package/5ab84d6acfe1f23c4fae0ab88f26e3a396351ac9/include"/>
					<Add directory="/home/pschroeder/.conan/data/tgbot/1.3/_/_/package/b486882617329090761cfb38b12a7211b6ca929d/include"/>
					<Add directory="/home/pschroeder/.conan/data/spdlog/1.10.0/_/_/package/c2473343b93c984d1dc6f8dc53695396ffbb17cd/include"/>
					<Add directory="/home/pschroeder/.conan/data/yaml-cpp/0.7.0/_/_/package/b911f48570f9bb2902d9e83b2b9ebf9d376c8c56/include"/>
					<Add directory="/home/pschroeder/.conan/data/boost/1.79.0/_/_/package/ca891ed5c8e67ebb3e46639c100abdbca6d8b11e/include"/>
					<Add directory="/home/pschroeder/.conan/data/libcurl/7.84.0/_/_/package/9d92ed8bb4f04d8fc308aec13e84ca18d2fa9c49/include"/>
					<Add directory="/home/pschroeder/.conan/data/fmt/8.1.1/_/_/package/db123017807f5c094e7ffe64463018510e127133/include"/>
					<Add directory="/home/pschroeder/.conan/data/zlib/1.2.12/_/_/package/6af9cc7cb931c5ad942174fd7838eb655717c709/include"/>
					<Add directory="/home/pschroeder/.conan/data/bzip2/1.0.8/_/_/package/da606cf731e334010b0bf6e85a2a6f891b9f36b0/include"/>
					<Add directory="/home/pschroeder/.conan/data/libbacktrace/cci.20210118/_/_/package/6af9cc7cb931c5ad942174fd7838eb655717c709/include"/>
					<Add directory="/home/pschroeder/.conan/data/openssl/1.1.1q/_/_/package/6af9cc7cb931c5ad942174fd7838eb655717c709/include"/>
				</Compiler>
				<MakeCommands>
					<Build command="/usr/bin/make -f &quot;/home/pschroeder/repos/pam_telegram_authenticator/Makefile&quot;  VERBOSE=1 test"/>
					<CompileFile command="/usr/bin/make -f &quot;/home/pschroeder/repos/pam_telegram_authenticator/Makefile&quot;  VERBOSE=1 &quot;$file&quot;"/>
					<Clean command="/usr/bin/make -f &quot;/home/pschroeder/repos/pam_telegram_authenticator/Makefile&quot;  VERBOSE=1 clean"/>
					<DistClean command="/usr/bin/make -f &quot;/home/pschroeder/repos/pam_telegram_authenticator/Makefile&quot;  VERBOSE=1 clean"/>
				</MakeCommands>
			</Target>
			<Target title="test/fast">
				<Option output="/home/pschroeder/repos/pam_telegram_authenticator/bin/test" prefix_auto="0" extension_auto="0"/>
				<Option working_dir="/home/pschroeder/repos/pam_telegram_authenticator/bin"/>
				<Option object_output="./"/>
				<Option type="1"/>
				<Option compiler="gcc"/>
				<Compiler>
					<Add option="-D__RANDOM_SEED__=4616904914508076878"/>
					<Add directory="/home/pschroeder/.conan/data/libuuid/1.0.3/_/_/package/6af9cc7cb931c5ad942174fd7838eb655717c709/include"/>
					<Add directory="/home/pschroeder/.conan/data/libuuid/1.0.3/_/_/package/6af9cc7cb931c5ad942174fd7838eb655717c709/include/uuid"/>
					<Add directory="/home/pschroeder/.conan/data/nlohmann_json/3.10.5/_/_/package/5ab84d6acfe1f23c4fae0ab88f26e3a396351ac9/include"/>
					<Add directory="/home/pschroeder/.conan/data/tgbot/1.3/_/_/package/b486882617329090761cfb38b12a7211b6ca929d/include"/>
					<Add directory="/home/pschroeder/.conan/data/spdlog/1.10.0/_/_/package/c2473343b93c984d1dc6f8dc53695396ffbb17cd/include"/>
					<Add directory="/home/pschroeder/.conan/data/yaml-cpp/0.7.0/_/_/package/b911f48570f9bb2902d9e83b2b9ebf9d376c8c56/include"/>
					<Add directory="/home/pschroeder/.conan/data/boost/1.79.0/_/_/package/ca891ed5c8e67ebb3e46639c100abdbca6d8b11e/include"/>
					<Add directory="/home/pschroeder/.conan/data/libcurl/7.84.0/_/_/package/9d92ed8bb4f04d8fc308aec13e84ca18d2fa9c49/include"/>
					<Add directory="/home/pschroeder/.conan/data/fmt/8.1.1/_/_/package/db123017807f5c094e7ffe64463018510e127133/include"/>
					<Add directory="/home/pschroeder/.conan/data/zlib/1.2.12/_/_/package/6af9cc7cb931c5ad942174fd7838eb655717c709/include"/>
					<Add directory="/home/pschroeder/.conan/data/bzip2/1.0.8/_/_/package/da606cf731e334010b0bf6e85a2a6f891b9f36b0/include"/>
					<Add directory="/home/pschroeder/.conan/data/libbacktrace/cci.20210118/_/_/package/6af9cc7cb931c5ad942174fd7838eb655717c709/include"/>
					<Add directory="/home/pschroeder/.conan/data/openssl/1.1.1q/_/_/package/6af9cc7cb931c5ad942174fd7838eb655717c709/include"/>
				</Compiler>
				<MakeCommands>
					<Build command="/usr/bin/make -f &quot;/home/pschroeder/repos/pam_telegram_authenticator/Makefile&quot;  VERBOSE=1 test/fast"/>
					<CompileFile command="/usr/bin/make -f &quot;/home/pschroeder/repos/pam_telegram_authenticator/Makefile&quot;  VERBOSE=1 &quot;$file&quot;"/>
					<Clean command="/usr/bin/make -f &quot;/home/pschroeder/repos/pam_telegram_authenticator/Makefile&quot;  VERBOSE=1 clean"/>
					<DistClean command="/usr/bin/make -f &quot;/home/pschroeder/repos/pam_telegram_authenticator/Makefile&quot;  VERBOSE=1 clean"/>
				</MakeCommands>
			</Target>
			<Target title="main">
				<Option output="/home/pschroeder/repos/pam_telegram_authenticator/bin/main" prefix_auto="0" extension_auto="0"/>
				<Option working_dir="/home/pschroeder/repos/pam_telegram_authenticator/bin"/>
				<Option object_output="./"/>
				<Option type="1"/>
				<Option compiler="gcc"/>
				<Compiler>
					<Add option="-D__RANDOM_SEED__=4616904914508076878"/>
					<Add directory="/home/pschroeder/.conan/data/libuuid/1.0.3/_/_/package/6af9cc7cb931c5ad942174fd7838eb655717c709/include"/>
					<Add directory="/home/pschroeder/.conan/data/libuuid/1.0.3/_/_/package/6af9cc7cb931c5ad942174fd7838eb655717c709/include/uuid"/>
					<Add directory="/home/pschroeder/.conan/data/nlohmann_json/3.10.5/_/_/package/5ab84d6acfe1f23c4fae0ab88f26e3a396351ac9/include"/>
					<Add directory="/home/pschroeder/.conan/data/tgbot/1.3/_/_/package/b486882617329090761cfb38b12a7211b6ca929d/include"/>
					<Add directory="/home/pschroeder/.conan/data/spdlog/1.10.0/_/_/package/c2473343b93c984d1dc6f8dc53695396ffbb17cd/include"/>
					<Add directory="/home/pschroeder/.conan/data/yaml-cpp/0.7.0/_/_/package/b911f48570f9bb2902d9e83b2b9ebf9d376c8c56/include"/>
					<Add directory="/home/pschroeder/.conan/data/boost/1.79.0/_/_/package/ca891ed5c8e67ebb3e46639c100abdbca6d8b11e/include"/>
					<Add directory="/home/pschroeder/.conan/data/libcurl/7.84.0/_/_/package/9d92ed8bb4f04d8fc308aec13e84ca18d2fa9c49/include"/>
					<Add directory="/home/pschroeder/.conan/data/fmt/8.1.1/_/_/package/db123017807f5c094e7ffe64463018510e127133/include"/>
					<Add directory="/home/pschroeder/.conan/data/zlib/1.2.12/_/_/package/6af9cc7cb931c5ad942174fd7838eb655717c709/include"/>
					<Add directory="/home/pschroeder/.conan/data/bzip2/1.0.8/_/_/package/da606cf731e334010b0bf6e85a2a6f891b9f36b0/include"/>
					<Add directory="/home/pschroeder/.conan/data/libbacktrace/cci.20210118/_/_/package/6af9cc7cb931c5ad942174fd7838eb655717c709/include"/>
					<Add directory="/home/pschroeder/.conan/data/openssl/1.1.1q/_/_/package/6af9cc7cb931c5ad942174fd7838eb655717c709/include"/>
				</Compiler>
				<MakeCommands>
					<Build command="/usr/bin/make -f &quot;/home/pschroeder/repos/pam_telegram_authenticator/Makefile&quot;  VERBOSE=1 main"/>
					<CompileFile command="/usr/bin/make -f &quot;/home/pschroeder/repos/pam_telegram_authenticator/Makefile&quot;  VERBOSE=1 &quot;$file&quot;"/>
					<Clean command="/usr/bin/make -f &quot;/home/pschroeder/repos/pam_telegram_authenticator/Makefile&quot;  VERBOSE=1 clean"/>
					<DistClean command="/usr/bin/make -f &quot;/home/pschroeder/repos/pam_telegram_authenticator/Makefile&quot;  VERBOSE=1 clean"/>
				</MakeCommands>
			</Target>
			<Target title="main/fast">
				<Option output="/home/pschroeder/repos/pam_telegram_authenticator/bin/main" prefix_auto="0" extension_auto="0"/>
				<Option working_dir="/home/pschroeder/repos/pam_telegram_authenticator/bin"/>
				<Option object_output="./"/>
				<Option type="1"/>
				<Option compiler="gcc"/>
				<Compiler>
					<Add option="-D__RANDOM_SEED__=4616904914508076878"/>
					<Add directory="/home/pschroeder/.conan/data/libuuid/1.0.3/_/_/package/6af9cc7cb931c5ad942174fd7838eb655717c709/include"/>
					<Add directory="/home/pschroeder/.conan/data/libuuid/1.0.3/_/_/package/6af9cc7cb931c5ad942174fd7838eb655717c709/include/uuid"/>
					<Add directory="/home/pschroeder/.conan/data/nlohmann_json/3.10.5/_/_/package/5ab84d6acfe1f23c4fae0ab88f26e3a396351ac9/include"/>
					<Add directory="/home/pschroeder/.conan/data/tgbot/1.3/_/_/package/b486882617329090761cfb38b12a7211b6ca929d/include"/>
					<Add directory="/home/pschroeder/.conan/data/spdlog/1.10.0/_/_/package/c2473343b93c984d1dc6f8dc53695396ffbb17cd/include"/>
					<Add directory="/home/pschroeder/.conan/data/yaml-cpp/0.7.0/_/_/package/b911f48570f9bb2902d9e83b2b9ebf9d376c8c56/include"/>
					<Add directory="/home/pschroeder/.conan/data/boost/1.79.0/_/_/package/ca891ed5c8e67ebb3e46639c100abdbca6d8b11e/include"/>
					<Add directory="/home/pschroeder/.conan/data/libcurl/7.84.0/_/_/package/9d92ed8bb4f04d8fc308aec13e84ca18d2fa9c49/include"/>
					<Add directory="/home/pschroeder/.conan/data/fmt/8.1.1/_/_/package/db123017807f5c094e7ffe64463018510e127133/include"/>
					<Add directory="/home/pschroeder/.conan/data/zlib/1.2.12/_/_/package/6af9cc7cb931c5ad942174fd7838eb655717c709/include"/>
					<Add directory="/home/pschroeder/.conan/data/bzip2/1.0.8/_/_/package/da606cf731e334010b0bf6e85a2a6f891b9f36b0/include"/>
					<Add directory="/home/pschroeder/.conan/data/libbacktrace/cci.20210118/_/_/package/6af9cc7cb931c5ad942174fd7838eb655717c709/include"/>
					<Add directory="/home/pschroeder/.conan/data/openssl/1.1.1q/_/_/package/6af9cc7cb931c5ad942174fd7838eb655717c709/include"/>
				</Compiler>
				<MakeCommands>
					<Build command="/usr/bin/make -f &quot;/home/pschroeder/repos/pam_telegram_authenticator/Makefile&quot;  VERBOSE=1 main/fast"/>
					<CompileFile command="/usr/bin/make -f &quot;/home/pschroeder/repos/pam_telegram_authenticator/Makefile&quot;  VERBOSE=1 &quot;$file&quot;"/>
					<Clean command="/usr/bin/make -f &quot;/home/pschroeder/repos/pam_telegram_authenticator/Makefile&quot;  VERBOSE=1 clean"/>
					<DistClean command="/usr/bin/make -f &quot;/home/pschroeder/repos/pam_telegram_authenticator/Makefile&quot;  VERBOSE=1 clean"/>
				</MakeCommands>
			</Target>
			<Target title="pam_telegram_authenticator">
				<Option output="/home/pschroeder/repos/pam_telegram_authenticator/lib/libpam_telegram_authenticator.so" prefix_auto="0" extension_auto="0"/>
				<Option working_dir="/home/pschroeder/repos/pam_telegram_authenticator"/>
				<Option object_output="./"/>
				<Option type="3"/>
				<Option compiler="gcc"/>
				<Compiler>
					<Add option="-D__RANDOM_SEED__=4616904914508076878"/>
					<Add directory="/home/pschroeder/.conan/data/libuuid/1.0.3/_/_/package/6af9cc7cb931c5ad942174fd7838eb655717c709/include"/>
					<Add directory="/home/pschroeder/.conan/data/libuuid/1.0.3/_/_/package/6af9cc7cb931c5ad942174fd7838eb655717c709/include/uuid"/>
					<Add directory="/home/pschroeder/.conan/data/nlohmann_json/3.10.5/_/_/package/5ab84d6acfe1f23c4fae0ab88f26e3a396351ac9/include"/>
					<Add directory="/home/pschroeder/.conan/data/tgbot/1.3/_/_/package/b486882617329090761cfb38b12a7211b6ca929d/include"/>
					<Add directory="/home/pschroeder/.conan/data/spdlog/1.10.0/_/_/package/c2473343b93c984d1dc6f8dc53695396ffbb17cd/include"/>
					<Add directory="/home/pschroeder/.conan/data/yaml-cpp/0.7.0/_/_/package/b911f48570f9bb2902d9e83b2b9ebf9d376c8c56/include"/>
					<Add directory="/home/pschroeder/.conan/data/boost/1.79.0/_/_/package/ca891ed5c8e67ebb3e46639c100abdbca6d8b11e/include"/>
					<Add directory="/home/pschroeder/.conan/data/libcurl/7.84.0/_/_/package/9d92ed8bb4f04d8fc308aec13e84ca18d2fa9c49/include"/>
					<Add directory="/home/pschroeder/.conan/data/fmt/8.1.1/_/_/package/db123017807f5c094e7ffe64463018510e127133/include"/>
					<Add directory="/home/pschroeder/.conan/data/zlib/1.2.12/_/_/package/6af9cc7cb931c5ad942174fd7838eb655717c709/include"/>
					<Add directory="/home/pschroeder/.conan/data/bzip2/1.0.8/_/_/package/da606cf731e334010b0bf6e85a2a6f891b9f36b0/include"/>
					<Add directory="/home/pschroeder/.conan/data/libbacktrace/cci.20210118/_/_/package/6af9cc7cb931c5ad942174fd7838eb655717c709/include"/>
					<Add directory="/home/pschroeder/.conan/data/openssl/1.1.1q/_/_/package/6af9cc7cb931c5ad942174fd7838eb655717c709/include"/>
					<Add directory="/home/pschroeder/repos/pam_telegram_authenticator/src/lib"/>
				</Compiler>
				<MakeCommands>
					<Build command="/usr/bin/make -f &quot;/home/pschroeder/repos/pam_telegram_authenticator/Makefile&quot;  VERBOSE=1 pam_telegram_authenticator"/>
					<CompileFile command="/usr/bin/make -f &quot;/home/pschroeder/repos/pam_telegram_authenticator/Makefile&quot;  VERBOSE=1 &quot;$file&quot;"/>
					<Clean command="/usr/bin/make -f &quot;/home/pschroeder/repos/pam_telegram_authenticator/Makefile&quot;  VERBOSE=1 clean"/>
					<DistClean command="/usr/bin/make -f &quot;/home/pschroeder/repos/pam_telegram_authenticator/Makefile&quot;  VERBOSE=1 clean"/>
				</MakeCommands>
			</Target>
			<Target title="pam_telegram_authenticator/fast">
				<Option output="/home/pschroeder/repos/pam_telegram_authenticator/lib/libpam_telegram_authenticator.so" prefix_auto="0" extension_auto="0"/>
				<Option working_dir="/home/pschroeder/repos/pam_telegram_authenticator"/>
				<Option object_output="./"/>
				<Option type="3"/>
				<Option compiler="gcc"/>
				<Compiler>
					<Add option="-D__RANDOM_SEED__=4616904914508076878"/>
					<Add directory="/home/pschroeder/.conan/data/libuuid/1.0.3/_/_/package/6af9cc7cb931c5ad942174fd7838eb655717c709/include"/>
					<Add directory="/home/pschroeder/.conan/data/libuuid/1.0.3/_/_/package/6af9cc7cb931c5ad942174fd7838eb655717c709/include/uuid"/>
					<Add directory="/home/pschroeder/.conan/data/nlohmann_json/3.10.5/_/_/package/5ab84d6acfe1f23c4fae0ab88f26e3a396351ac9/include"/>
					<Add directory="/home/pschroeder/.conan/data/tgbot/1.3/_/_/package/b486882617329090761cfb38b12a7211b6ca929d/include"/>
					<Add directory="/home/pschroeder/.conan/data/spdlog/1.10.0/_/_/package/c2473343b93c984d1dc6f8dc53695396ffbb17cd/include"/>
					<Add directory="/home/pschroeder/.conan/data/yaml-cpp/0.7.0/_/_/package/b911f48570f9bb2902d9e83b2b9ebf9d376c8c56/include"/>
					<Add directory="/home/pschroeder/.conan/data/boost/1.79.0/_/_/package/ca891ed5c8e67ebb3e46639c100abdbca6d8b11e/include"/>
					<Add directory="/home/pschroeder/.conan/data/libcurl/7.84.0/_/_/package/9d92ed8bb4f04d8fc308aec13e84ca18d2fa9c49/include"/>
					<Add directory="/home/pschroeder/.conan/data/fmt/8.1.1/_/_/package/db123017807f5c094e7ffe64463018510e127133/include"/>
					<Add directory="/home/pschroeder/.conan/data/zlib/1.2.12/_/_/package/6af9cc7cb931c5ad942174fd7838eb655717c709/include"/>
					<Add directory="/home/pschroeder/.conan/data/bzip2/1.0.8/_/_/package/da606cf731e334010b0bf6e85a2a6f891b9f36b0/include"/>
					<Add directory="/home/pschroeder/.conan/data/libbacktrace/cci.20210118/_/_/package/6af9cc7cb931c5ad942174fd7838eb655717c709/include"/>
					<Add directory="/home/pschroeder/.conan/data/openssl/1.1.1q/_/_/package/6af9cc7cb931c5ad942174fd7838eb655717c709/include"/>
					<Add directory="/home/pschroeder/repos/pam_telegram_authenticator/src/lib"/>
				</Compiler>
				<MakeCommands>
					<Build command="/usr/bin/make -f &quot;/home/pschroeder/repos/pam_telegram_authenticator/Makefile&quot;  VERBOSE=1 pam_telegram_authenticator/fast"/>
					<CompileFile command="/usr/bin/make -f &quot;/home/pschroeder/repos/pam_telegram_authenticator/Makefile&quot;  VERBOSE=1 &quot;$file&quot;"/>
					<Clean command="/usr/bin/make -f &quot;/home/pschroeder/repos/pam_telegram_authenticator/Makefile&quot;  VERBOSE=1 clean"/>
					<DistClean command="/usr/bin/make -f &quot;/home/pschroeder/repos/pam_telegram_authenticator/Makefile&quot;  VERBOSE=1 clean"/>
				</MakeCommands>
			</Target>
			<Target title="edit_cache">
				<Option working_dir="/home/pschroeder/repos/pam_telegram_authenticator"/>
				<Option type="4"/>
				<MakeCommands>
					<Build command="/usr/bin/make -f &quot;/home/pschroeder/repos/pam_telegram_authenticator/Makefile&quot;  VERBOSE=1 edit_cache"/>
					<CompileFile command="/usr/bin/make -f &quot;/home/pschroeder/repos/pam_telegram_authenticator/Makefile&quot;  VERBOSE=1 &quot;$file&quot;"/>
					<Clean command="/usr/bin/make -f &quot;/home/pschroeder/repos/pam_telegram_authenticator/Makefile&quot;  VERBOSE=1 clean"/>
					<DistClean command="/usr/bin/make -f &quot;/home/pschroeder/repos/pam_telegram_authenticator/Makefile&quot;  VERBOSE=1 clean"/>
				</MakeCommands>
			</Target>
			<Target title="rebuild_cache">
				<Option working_dir="/home/pschroeder/repos/pam_telegram_authenticator"/>
				<Option type="4"/>
				<MakeCommands>
					<Build command="/usr/bin/make -f &quot;/home/pschroeder/repos/pam_telegram_authenticator/Makefile&quot;  VERBOSE=1 rebuild_cache"/>
					<CompileFile command="/usr/bin/make -f &quot;/home/pschroeder/repos/pam_telegram_authenticator/Makefile&quot;  VERBOSE=1 &quot;$file&quot;"/>
					<Clean command="/usr/bin/make -f &quot;/home/pschroeder/repos/pam_telegram_authenticator/Makefile&quot;  VERBOSE=1 clean"/>
					<DistClean command="/usr/bin/make -f &quot;/home/pschroeder/repos/pam_telegram_authenticator/Makefile&quot;  VERBOSE=1 clean"/>
				</MakeCommands>
			</Target>
		</Build>
		<Unit filename="/home/pschroeder/repos/pam_telegram_authenticator/src/lib/PamWrapper/PamWrapper.cpp">
			<Option target="pam_telegram_authenticator"/>
		</Unit>
		<Unit filename="/home/pschroeder/repos/pam_telegram_authenticator/src/lib/PamWrapper/PamWrapper.hpp">
			<Option target="pam_telegram_authenticator"/>
		</Unit>
		<Unit filename="/home/pschroeder/repos/pam_telegram_authenticator/src/lib/TgAuthBot/TgAuthBot.cpp">
			<Option target="pam_telegram_authenticator"/>
		</Unit>
		<Unit filename="/home/pschroeder/repos/pam_telegram_authenticator/src/lib/TgAuthBot/TgAuthBot.hpp">
			<Option target="pam_telegram_authenticator"/>
		</Unit>
		<Unit filename="/home/pschroeder/repos/pam_telegram_authenticator/src/main.cpp">
			<Option target="main"/>
		</Unit>
		<Unit filename="/home/pschroeder/repos/pam_telegram_authenticator/src/pam_telegram_authenticator.cpp">
			<Option target="pam_telegram_authenticator"/>
		</Unit>
		<Unit filename="/home/pschroeder/repos/pam_telegram_authenticator/src/test.cpp">
			<Option target="test"/>
		</Unit>
		<Unit filename="/home/pschroeder/repos/pam_telegram_authenticator/CMakeLists.txt">
			<Option virtualFolder="CMake Files\"/>
		</Unit>
		<Unit filename="/home/pschroeder/repos/pam_telegram_authenticator/conanbuildinfo.cmake">
			<Option virtualFolder="CMake Files\"/>
		</Unit>
	</Project>
</CodeBlocks_project_file>
